<?xml version="1.0" encoding="utf-8"?>
<Project ToolsVersion="4.0" xmlns="http://schemas.microsoft.com/developer/msbuild/2003">
  <ItemGroup>
    <Filter Include="Source Files">
      <UniqueIdentifier>{349c24e5-ee26-4e3d-b353-d5833529624c}</UniqueIdentifier>
    </Filter>
    <Filter Include="Dynamic Link Library">
      <UniqueIdentifier>{40529e89-a87f-4823-a902-5eb7684a7736}</UniqueIdentifier>
    </Filter>
    <Filter Include="Shader">
      <UniqueIdentifier>{0a1a9253-501e-4bee-b2f6-e4bfccfef144}</UniqueIdentifier>
    </Filter>
    <Filter Include="Camera">
      <UniqueIdentifier>{db021b67-9ae8-4943-863b-71b45b549339}</UniqueIdentifier>
    </Filter>
    <Filter Include="Math">
      <UniqueIdentifier>{08de6d89-c4db-4b29-818e-0d73fcf6de5a}</UniqueIdentifier>
    </Filter>
    <Filter Include="Game">
      <UniqueIdentifier>{8f853a57-58da-44b7-b97a-006db02e9904}</UniqueIdentifier>
    </Filter>
    <Filter Include="Loader">
      <UniqueIdentifier>{b5fd864d-de6a-44e1-a0f4-2fd5b6d71e92}</UniqueIdentifier>
    </Filter>
    <Filter Include="Renderer">
      <UniqueIdentifier>{e701581f-adae-4875-8928-500e1b01ef85}</UniqueIdentifier>
    </Filter>
    <Filter Include="Light">
      <UniqueIdentifier>{0fbbed7b-3492-4c2a-b7f8-46d733d89bbb}</UniqueIdentifier>
    </Filter>
    <Filter Include="Lake">
      <UniqueIdentifier>{475afe78-7e03-477e-bdef-2818caa27844}</UniqueIdentifier>
    </Filter>
    <Filter Include="User Input">
      <UniqueIdentifier>{513d89b0-f877-4e4b-858d-0f66b1c58c42}</UniqueIdentifier>
    </Filter>
    <Filter Include="Lake\shader">
      <UniqueIdentifier>{3f589645-95dc-4207-82d9-dc865f3d2893}</UniqueIdentifier>
    </Filter>
    <Filter Include="Lake\renderer">
      <UniqueIdentifier>{9f5c783e-d879-4be7-ba4c-8b82424280a2}</UniqueIdentifier>
    </Filter>
    <Filter Include="Terrain">
      <UniqueIdentifier>{cbbcbcdf-09d4-4d54-9137-a52a37f7e49d}</UniqueIdentifier>
    </Filter>
    <Filter Include="Terrain\shader">
      <UniqueIdentifier>{9d08be7e-2d90-4d95-8cc7-ee0d1d408417}</UniqueIdentifier>
    </Filter>
    <Filter Include="Terrain\renderer">
      <UniqueIdentifier>{013682b1-9723-4292-a78d-7cb555b85c92}</UniqueIdentifier>
    </Filter>
    <Filter Include="Player">
      <UniqueIdentifier>{0fdf705e-97bb-4f86-ab38-e9ea85e650ee}</UniqueIdentifier>
    </Filter>
    <Filter Include="Shader\Fragment">
      <UniqueIdentifier>{96570648-0421-429d-a13f-a53e00ba1d9e}</UniqueIdentifier>
    </Filter>
    <Filter Include="Shader\Vertex">
      <UniqueIdentifier>{2346da93-a568-49cf-9598-b555f6e05c69}</UniqueIdentifier>
    </Filter>
    <Filter Include="Lake\fbo">
      <UniqueIdentifier>{855704c1-c0e4-48ad-83d4-e8d15738020c}</UniqueIdentifier>
    </Filter>
    <Filter Include="Text">
      <UniqueIdentifier>{c17aae93-2475-4d14-a814-937d6cec84b5}</UniqueIdentifier>
    </Filter>
    <Filter Include="Text\shader">
      <UniqueIdentifier>{68024237-d148-4fcc-8456-9ae5e1dfb306}</UniqueIdentifier>
    </Filter>
    <Filter Include="Shader\Geometry">
      <UniqueIdentifier>{1e30a9cb-304d-46df-b00c-bc258a1c0850}</UniqueIdentifier>
    </Filter>
    <Filter Include="Shader\Particle">
      <UniqueIdentifier>{ba08f5b9-4321-4c64-8f20-cb9c2020f3c8}</UniqueIdentifier>
    </Filter>
    <Filter Include="Model">
      <UniqueIdentifier>{57190125-f28c-4b68-8ac7-6de7769dbc04}</UniqueIdentifier>
    </Filter>
    <Filter Include="Skybox">
      <UniqueIdentifier>{118ea41c-81e0-4b49-ba8c-3ee94a6f7770}</UniqueIdentifier>
    </Filter>
    <Filter Include="Skybox\shader">
      <UniqueIdentifier>{450f7e77-672d-4b8b-b965-707b8229875c}</UniqueIdentifier>
    </Filter>
    <Filter Include="GUI">
      <UniqueIdentifier>{0d8497a7-c4d5-4a28-b08f-3bfc16b2e6c4}</UniqueIdentifier>
    </Filter>
    <Filter Include="GUI\texture">
      <UniqueIdentifier>{b741944c-71b3-4ab5-808e-77d94eed9dc3}</UniqueIdentifier>
    </Filter>
    <Filter Include="GUI\renderer">
      <UniqueIdentifier>{6d1ee12c-d008-4745-be0f-d3a1eb8673ce}</UniqueIdentifier>
    </Filter>
    <Filter Include="GUI\shader">
      <UniqueIdentifier>{868f2202-771e-439f-8993-8742331a12b3}</UniqueIdentifier>
    </Filter>
  </ItemGroup>
  <ItemGroup>
    <ClCompile Include="main.cpp">
      <Filter>Source Files</Filter>
    </ClCompile>
    <ClCompile Include="camera\camera.cpp">
      <Filter>Camera</Filter>
    </ClCompile>
    <ClCompile Include="game\game.cpp">
      <Filter>Game</Filter>
    </ClCompile>
    <ClCompile Include="lake\lake.cpp">
      <Filter>Lake</Filter>
    </ClCompile>
    <ClCompile Include="lake\shader\lakeshader.cpp">
      <Filter>Lake\shader</Filter>
    </ClCompile>
    <ClCompile Include="lake\renderer\lakeRenderer.cpp">
      <Filter>Lake\renderer</Filter>
    </ClCompile>
    <ClCompile Include="light\light.cpp">
      <Filter>Light</Filter>
    </ClCompile>
    <ClCompile Include="loader\loader.cpp">
      <Filter>Loader</Filter>
    </ClCompile>
    <ClCompile Include="input\keyboard.cpp">
      <Filter>User Input</Filter>
    </ClCompile>
    <ClCompile Include="terrain\terrain.cpp">
      <Filter>Terrain</Filter>
    </ClCompile>
    <ClCompile Include="terrain\shader\terrainshader.cpp">
      <Filter>Terrain\shader</Filter>
    </ClCompile>
    <ClCompile Include="terrain\renderer\terrainRenderer.cpp">
      <Filter>Terrain\renderer</Filter>
    </ClCompile>
    <ClCompile Include="math\math.cpp">
      <Filter>Math</Filter>
    </ClCompile>
    <ClCompile Include="player\player.cpp">
      <Filter>Player</Filter>
    </ClCompile>
    <ClCompile Include="lake\fbo\lakeFrameBuffers.cpp">
      <Filter>Lake\fbo</Filter>
    </ClCompile>
    <ClCompile Include="text\TextRenderer.cpp">
      <Filter>Text</Filter>
    </ClCompile>
    <ClCompile Include="text\shader\textshader.cpp">
      <Filter>Text\shader</Filter>
    </ClCompile>
    <ClCompile Include="light\spotlight.cpp">
      <Filter>Light</Filter>
    </ClCompile>
    <ClCompile Include="model\model.cpp">
      <Filter>Model</Filter>
    </ClCompile>
    <ClCompile Include="renderer\mainrenderer.cpp">
      <Filter>Renderer</Filter>
    </ClCompile>
    <ClCompile Include="skybox\Skybox.cpp">
      <Filter>Skybox</Filter>
    </ClCompile>
    <ClCompile Include="skybox\shader\SkyboxShader.cpp">
      <Filter>Skybox\shader</Filter>
    </ClCompile>
    <ClCompile Include="gui\GuiTexture.cpp">
      <Filter>GUI\texture</Filter>
    </ClCompile>
    <ClCompile Include="gui\renderer\GuiRenderer.cpp">
      <Filter>GUI\renderer</Filter>
    </ClCompile>
    <ClCompile Include="gui\shader\GuiShader.cpp">
      <Filter>GUI\shader</Filter>
    </ClCompile>
  </ItemGroup>
  <ItemGroup>
    <ClInclude Include="camera\camera.hpp">
      <Filter>Camera</Filter>
    </ClInclude>
    <ClInclude Include="lake\lake.hpp">
      <Filter>Lake</Filter>
    </ClInclude>
    <ClInclude Include="lake\shader\lakeshader.hpp">
      <Filter>Lake\shader</Filter>
    </ClInclude>
    <ClInclude Include="lake\renderer\lakeRenderer.hpp">
      <Filter>Lake\renderer</Filter>
    </ClInclude>
    <ClInclude Include="light\light.hpp">
      <Filter>Light</Filter>
    </ClInclude>
    <ClInclude Include="loader\loader.hpp">
      <Filter>Loader</Filter>
    </ClInclude>
    <ClInclude Include="input\keyboard.hpp">
      <Filter>User Input</Filter>
    </ClInclude>
    <ClInclude Include="terrain\terrain.hpp">
      <Filter>Terrain</Filter>
    </ClInclude>
    <ClInclude Include="terrain\shader\terrainshader.hpp">
      <Filter>Terrain\shader</Filter>
    </ClInclude>
    <ClInclude Include="terrain\renderer\terrainRenderer.hpp">
      <Filter>Terrain\renderer</Filter>
    </ClInclude>
    <ClInclude Include="math\math.hpp">
      <Filter>Math</Filter>
    </ClInclude>
    <ClInclude Include="game\game.hpp">
      <Filter>Game</Filter>
    </ClInclude>
    <ClInclude Include="player\player.hpp">
      <Filter>Player</Filter>
    </ClInclude>
    <ClInclude Include="lake\fbo\lakeFrameBuffers.hpp">
      <Filter>Lake\fbo</Filter>
    </ClInclude>
    <ClInclude Include="text\TextRenderer.hpp">
      <Filter>Text</Filter>
    </ClInclude>
    <ClInclude Include="text\shader\textshader.hpp">
      <Filter>Text\shader</Filter>
    </ClInclude>
    <ClInclude Include="light\spotlight.hpp">
      <Filter>Light</Filter>
    </ClInclude>
    <ClInclude Include="PerlinNoise.hpp">
      <Filter>Math</Filter>
    </ClInclude>
    <ClInclude Include="model\model.hpp">
      <Filter>Model</Filter>
    </ClInclude>
    <ClInclude Include="renderer\mainrenderer.hpp">
      <Filter>Renderer</Filter>
    </ClInclude>
    <ClInclude Include="skybox\Skybox.hpp">
      <Filter>Skybox</Filter>
    </ClInclude>
    <ClInclude Include="skybox\shader\SkyboxShader.hpp">
      <Filter>Skybox\shader</Filter>
    </ClInclude>
    <ClInclude Include="gui\GuiTexture.hpp">
      <Filter>GUI\texture</Filter>
    </ClInclude>
    <ClInclude Include="gui\renderer\GuiRenderer.hpp">
      <Filter>GUI\renderer</Filter>
    </ClInclude>
    <ClInclude Include="gui\shader\GuiShader.hpp">
      <Filter>GUI\shader</Filter>
    </ClInclude>
  </ItemGroup>
  <ItemGroup>
    <None Include="glew32.dll">
      <Filter>Dynamic Link Library</Filter>
    </None>
    <None Include="SDL2.dll">
      <Filter>Dynamic Link Library</Filter>
    </None>
    <None Include="shaders\triangleShader.frag">
      <Filter>Shader\Fragment</Filter>
    </None>
    <None Include="shaders\triangleShader.vert">
      <Filter>Shader\Vertex</Filter>
    </None>
    <None Include="shaders\worldShader.frag">
      <Filter>Shader\Fragment</Filter>
    </None>
    <None Include="shaders\worldShader.vert">
      <Filter>Shader\Vertex</Filter>
    </None>
    <None Include="shaders\a.frag">
      <Filter>Shader\Fragment</Filter>
    </None>
    <None Include="shaders\b.vert">
      <Filter>Shader\Vertex</Filter>
    </None>
    <None Include="shaders\terrain.frag">
      <Filter>Shader\Fragment</Filter>
    </None>
    <None Include="shaders\terrain.vert">
      <Filter>Shader\Vertex</Filter>
    </None>
    <None Include="shaders\lake.frag">
      <Filter>Shader\Fragment</Filter>
    </None>
    <None Include="shaders\lake.vert">
      <Filter>Shader\Vertex</Filter>
    </None>
    <None Include="shaders\object.frag">
      <Filter>Shader\Fragment</Filter>
    </None>
    <None Include="shaders\object.vert">
      <Filter>Shader\Vertex</Filter>
    </None>
    <None Include="shaders\skybox.frag">
      <Filter>Shader\Fragment</Filter>
    </None>
    <None Include="shaders\skybox.vert">
      <Filter>Shader\Vertex</Filter>
    </None>
    <None Include="shaders\text.vert">
      <Filter>Shader\Vertex</Filter>
    </None>
    <None Include="shaders\text.frag">
      <Filter>Shader\Fragment</Filter>
    </None>
    <None Include="shaders\terrain_normal.vert">
      <Filter>Shader\Vertex</Filter>
    </None>
    <None Include="shaders\terrain_normal.frag">
      <Filter>Shader\Fragment</Filter>
    </None>
    <None Include="shaders\terrain_normal.gs">
      <Filter>Shader\Geometry</Filter>
    </None>
    <None Include="shaders\blur.frag">
      <Filter>Shader\Fragment</Filter>
    </None>
    <None Include="shaders\blur.vert">
      <Filter>Shader\Vertex</Filter>
    </None>
    <None Include="shaders\finalbloom.vert">
      <Filter>Shader\Vertex</Filter>
    </None>
    <None Include="shaders\finalbloom.frag">
      <Filter>Shader\Fragment</Filter>
    </None>
    <None Include="shaders\particle.frag">
      <Filter>Shader\Fragment</Filter>
    </None>
    <None Include="shaders\particle.vert">
      <Filter>Shader\Vertex</Filter>
    </None>
    <None Include="shaders\lava.frag">
      <Filter>Shader\Fragment</Filter>
    </None>
    <None Include="shaders\lava.vert">
      <Filter>Shader\Vertex</Filter>
    </None>
    <None Include="shaders\shadow.frag">
      <Filter>Shader\Fragment</Filter>
    </None>
    <None Include="shaders\shadow.gs">
      <Filter>Shader\Geometry</Filter>
    </None>
    <None Include="shaders\shadow.vert">
      <Filter>Shader\Vertex</Filter>
    </None>
    <None Include="shaders\particleRender.frag">
      <Filter>Shader\Fragment</Filter>
    </None>
    <None Include="shaders\particleUpdate.frag">
      <Filter>Shader\Fragment</Filter>
    </None>
    <None Include="shaders\particleRender.gs">
      <Filter>Shader\Geometry</Filter>
    </None>
    <None Include="shaders\particleUpdate.gs">
      <Filter>Shader\Geometry</Filter>
    </None>
    <None Include="shaders\particleRender.vert">
      <Filter>Shader\Vertex</Filter>
    </None>
    <None Include="shaders\particleUpdate.vert">
      <Filter>Shader\Vertex</Filter>
    </None>
    <None Include="shaders\particle\particles_render.frag">
      <Filter>Shader\Particle</Filter>
    </None>
    <None Include="shaders\particle\particles_render.geom">
      <Filter>Shader\Particle</Filter>
    </None>
    <None Include="shaders\particle\particles_render.vert">
      <Filter>Shader\Particle</Filter>
    </None>
    <None Include="shaders\particle\particles_update.frag">
      <Filter>Shader\Particle</Filter>
    </None>
    <None Include="shaders\particle\particles_update.geom">
      <Filter>Shader\Particle</Filter>
    </None>
    <None Include="shaders\particle\particles_update.vert">
      <Filter>Shader\Particle</Filter>
    </None>
    <None Include="shaders\gui.frag">
      <Filter>Shader\Fragment</Filter>
    </None>
    <None Include="shaders\gui.vert">
      <Filter>Shader\Vertex</Filter>
    </None>
  </ItemGroup>
</Project>