<?xml version="1.0" encoding="utf-8"?>
<Project ToolsVersion="4.0" xmlns="http://schemas.microsoft.com/developer/msbuild/2003">
  <ItemGroup>
    <Filter Include="Header Files">
      <UniqueIdentifier>{f1f38a5c-2a5a-4ad2-ba19-a863082b2689}</UniqueIdentifier>
    </Filter>
    <Filter Include="Source Files">
      <UniqueIdentifier>{349c24e5-ee26-4e3d-b353-d5833529624c}</UniqueIdentifier>
    </Filter>
    <Filter Include="Dynamic Link Library">
      <UniqueIdentifier>{40529e89-a87f-4823-a902-5eb7684a7736}</UniqueIdentifier>
    </Filter>
    <Filter Include="Shader">
      <UniqueIdentifier>{0a1a9253-501e-4bee-b2f6-e4bfccfef144}</UniqueIdentifier>
    </Filter>
    <Filter Include="Shader\Shaders">
      <UniqueIdentifier>{f833b7a1-68ed-48cd-b837-152fb635cf78}</UniqueIdentifier>
    </Filter>
    <Filter Include="Camera">
      <UniqueIdentifier>{db021b67-9ae8-4943-863b-71b45b549339}</UniqueIdentifier>
    </Filter>
    <Filter Include="Math">
      <UniqueIdentifier>{08de6d89-c4db-4b29-818e-0d73fcf6de5a}</UniqueIdentifier>
    </Filter>
    <Filter Include="Game">
      <UniqueIdentifier>{8f853a57-58da-44b7-b97a-006db02e9904}</UniqueIdentifier>
    </Filter>
    <Filter Include="Loader Functions">
      <UniqueIdentifier>{74d7eed0-004c-4c1a-970f-87c828eaf916}</UniqueIdentifier>
    </Filter>
    <Filter Include="Loader Functions\Texture">
      <UniqueIdentifier>{7b52f6f2-a5e1-4118-a45e-0c0316d1f462}</UniqueIdentifier>
    </Filter>
    <Filter Include="Loader Functions\Texture\textures">
      <UniqueIdentifier>{959e4a6f-5acb-4258-a3be-a3047d76642b}</UniqueIdentifier>
    </Filter>
    <Filter Include="Utility Functions">
      <UniqueIdentifier>{eb07b2e8-6b1d-464a-94e2-f5d6d16dcd25}</UniqueIdentifier>
    </Filter>
    <Filter Include="Shader\Shaders\Fragment">
      <UniqueIdentifier>{96570648-0421-429d-a13f-a53e00ba1d9e}</UniqueIdentifier>
    </Filter>
    <Filter Include="Shader\Shaders\Vertex">
      <UniqueIdentifier>{2346da93-a568-49cf-9598-b555f6e05c69}</UniqueIdentifier>
    </Filter>
    <Filter Include="Loader Functions\Terrain">
      <UniqueIdentifier>{b25e2ad2-8278-4724-a9e6-74f5443ef948}</UniqueIdentifier>
    </Filter>
    <Filter Include="Loader Functions\Player">
      <UniqueIdentifier>{f9c9244f-d908-4cad-89db-2e32b59203c2}</UniqueIdentifier>
    </Filter>
    <Filter Include="Loader">
      <UniqueIdentifier>{b5fd864d-de6a-44e1-a0f4-2fd5b6d71e92}</UniqueIdentifier>
    </Filter>
    <Filter Include="Model">
      <UniqueIdentifier>{1f35b6a2-494b-4125-8f05-5fa754676bee}</UniqueIdentifier>
    </Filter>
    <Filter Include="Renderer">
      <UniqueIdentifier>{e701581f-adae-4875-8928-500e1b01ef85}</UniqueIdentifier>
    </Filter>
    <Filter Include="Loader Functions\Entities">
      <UniqueIdentifier>{450c6775-2b6e-4ec2-8fe3-58661a6afabc}</UniqueIdentifier>
    </Filter>
    <Filter Include="Loader Functions\Object">
      <UniqueIdentifier>{a8c780cc-5c02-4167-9287-1d1f4ec2ea59}</UniqueIdentifier>
    </Filter>
  </ItemGroup>
  <ItemGroup>
    <ClCompile Include="main.cpp">
      <Filter>Source Files</Filter>
    </ClCompile>
    <ClCompile Include="shader.cpp">
      <Filter>Shader</Filter>
    </ClCompile>
    <ClCompile Include="camera.cpp">
      <Filter>Camera</Filter>
    </ClCompile>
    <ClCompile Include="matrix4D.cpp">
      <Filter>Math</Filter>
    </ClCompile>
    <ClCompile Include="math.cpp">
      <Filter>Math</Filter>
    </ClCompile>
    <ClCompile Include="vector2D.cpp">
      <Filter>Math</Filter>
    </ClCompile>
    <ClCompile Include="vector3D.cpp">
      <Filter>Math</Filter>
    </ClCompile>
    <ClCompile Include="vector4D.cpp">
      <Filter>Math</Filter>
    </ClCompile>
    <ClCompile Include="game.cpp">
      <Filter>Game</Filter>
    </ClCompile>
    <ClCompile Include="terrain.cpp">
      <Filter>Loader Functions\Terrain</Filter>
    </ClCompile>
    <ClCompile Include="player.cpp">
      <Filter>Loader Functions\Player</Filter>
    </ClCompile>
    <ClCompile Include="loader.cpp">
      <Filter>Loader</Filter>
    </ClCompile>
    <ClCompile Include="model.cpp">
      <Filter>Model</Filter>
    </ClCompile>
    <ClCompile Include="renderer.cpp">
      <Filter>Renderer</Filter>
    </ClCompile>
    <ClCompile Include="entity.cpp">
      <Filter>Loader Functions\Entities</Filter>
    </ClCompile>
    <ClCompile Include="objectLoader.cpp">
      <Filter>Loader Functions\Object</Filter>
    </ClCompile>
    <ClCompile Include="testshader.cpp">
      <Filter>Shader</Filter>
    </ClCompile>
  </ItemGroup>
  <ItemGroup>
    <ClInclude Include="shader.hpp">
      <Filter>Shader</Filter>
    </ClInclude>
    <ClInclude Include="camera.hpp">
      <Filter>Camera</Filter>
    </ClInclude>
    <ClInclude Include="vector4D.hpp">
      <Filter>Math</Filter>
    </ClInclude>
    <ClInclude Include="vector3D.hpp">
      <Filter>Math</Filter>
    </ClInclude>
    <ClInclude Include="vector2D.hpp">
      <Filter>Math</Filter>
    </ClInclude>
    <ClInclude Include="matrix4D.hpp">
      <Filter>Math</Filter>
    </ClInclude>
    <ClInclude Include="math.hpp">
      <Filter>Math</Filter>
    </ClInclude>
    <ClInclude Include="game.hpp">
      <Filter>Game</Filter>
    </ClInclude>
    <ClInclude Include="textureloader.hpp">
      <Filter>Loader Functions\Texture</Filter>
    </ClInclude>
    <ClInclude Include="utility.hpp">
      <Filter>Utility Functions</Filter>
    </ClInclude>
    <ClInclude Include="terrain.hpp">
      <Filter>Loader Functions\Terrain</Filter>
    </ClInclude>
    <ClInclude Include="player.hpp">
      <Filter>Loader Functions\Player</Filter>
    </ClInclude>
    <ClInclude Include="loader.hpp">
      <Filter>Loader</Filter>
    </ClInclude>
    <ClInclude Include="model.hpp">
      <Filter>Model</Filter>
    </ClInclude>
    <ClInclude Include="renderer.hpp">
      <Filter>Renderer</Filter>
    </ClInclude>
    <ClInclude Include="entity.hpp">
      <Filter>Loader Functions\Entities</Filter>
    </ClInclude>
    <ClInclude Include="objectLoader.h">
      <Filter>Loader Functions\Object</Filter>
    </ClInclude>
    <ClInclude Include="testshader.hpp">
      <Filter>Shader</Filter>
    </ClInclude>
  </ItemGroup>
  <ItemGroup>
    <None Include="glew32.dll">
      <Filter>Dynamic Link Library</Filter>
    </None>
    <None Include="SDL2.dll">
      <Filter>Dynamic Link Library</Filter>
    </None>
    <None Include="shaders\triangleShader.frag">
      <Filter>Shader\Shaders\Fragment</Filter>
    </None>
    <None Include="shaders\triangleShader.vert">
      <Filter>Shader\Shaders\Vertex</Filter>
    </None>
    <None Include="shaders\worldShader.frag">
      <Filter>Shader\Shaders\Fragment</Filter>
    </None>
    <None Include="shaders\worldShader.vert">
      <Filter>Shader\Shaders\Vertex</Filter>
    </None>
    <None Include="shaders\a.frag">
      <Filter>Shader\Shaders\Fragment</Filter>
    </None>
    <None Include="shaders\b.vert">
      <Filter>Shader\Shaders\Vertex</Filter>
    </None>
  </ItemGroup>
  <ItemGroup>
    <Image Include="textures\wall.png">
      <Filter>Loader Functions\Texture\textures</Filter>
    </Image>
    <Image Include="textures\fireblast.png">
      <Filter>Loader Functions\Texture\textures</Filter>
    </Image>
  </ItemGroup>
</Project>